
Microsoft Visual Studio Solution File, Format Version 12.00
# Visual Studio Version 16
VisualStudioVersion = 16.0.29006.145
MinimumVisualStudioVersion = 10.0.40219.1
Project("{FAE04EC0-301F-11D3-BF4B-00C04F79EFBC}") = "GameForum", "GameForum\GameForum.csproj", "{00CBFB8A-86A4-469E-BF2B-A336C8312EDC}"
EndProject
Global
	GlobalSection(SolutionConfigurationPlatforms) = preSolution
		Debug|Any CPU = Debug|Any CPU
		Release|Any CPU = Release|Any CPU
	EndGlobalSection
	GlobalSection(ProjectConfigurationPlatforms) = postSolution
		{00CBFB8A-86A4-469E-BF2B-A336C8312EDC}.Debug|Any CPU.ActiveCfg = Debug|Any CPU
		{00CBFB8A-86A4-469E-BF2B-A336C8312EDC}.Debug|Any CPU.Build.0 = Debug|Any CPU
		{00CBFB8A-86A4-469E-BF2B-A336C8312EDC}.Release|Any CPU.ActiveCfg = Release|Any CPU
		{00CBFB8A-86A4-469E-BF2B-A336C8312EDC}.Release|Any CPU.Build.0 = Release|Any CPU
	EndGlobalSection
	GlobalSection(SolutionProperties) = preSolution
		HideSolutionNode = FALSE
	EndGlobalSection
	GlobalSection(ExtensibilityGlobals) = postSolution
		SolutionGuid = {D034F2EE-63AC-4994-949C-ACE83DF3D8DB}
	EndGlobalSection
EndGlobal
